
Microsoft Visual Studio Solution File, Format Version 12.00
# Visual Studio 15
VisualStudioVersion = 15.0.26430.16
MinimumVisualStudioVersion = 10.0.40219.1
Project("{8BC9CEB8-8B4A-11D0-8D11-00A0C91BC942}") = "Punto", "Project1\Project1.vcxproj", "{3DFDD61E-ABCE-4CE7-B9FA-3FF927A54D0C}"
EndProject
Project("{8BC9CEB8-8B4A-11D0-8D11-00A0C91BC942}") = "Circulo", "Circulo\Circulo.vcxproj", "{B0BE9A6E-3ADF-492E-B6BE-417EA51E1B52}"
EndProject
Project("{8BC9CEB8-8B4A-11D0-8D11-00A0C91BC942}") = "Triangulo", "Triangulo\Triangulo.vcxproj", "{60264B34-F1F8-4515-824F-A0F427C16B15}"
EndProject
Global
	GlobalSection(SolutionConfigurationPlatforms) = preSolution
		Debug|x64 = Debug|x64
		Debug|x86 = Debug|x86
		Release|x64 = Release|x64
		Release|x86 = Release|x86
	EndGlobalSection
	GlobalSection(ProjectConfigurationPlatforms) = postSolution
		{3DFDD61E-ABCE-4CE7-B9FA-3FF927A54D0C}.Debug|x64.ActiveCfg = Debug|x64
		{3DFDD61E-ABCE-4CE7-B9FA-3FF927A54D0C}.Debug|x64.Build.0 = Debug|x64
		{3DFDD61E-ABCE-4CE7-B9FA-3FF927A54D0C}.Debug|x86.ActiveCfg = Debug|Win32
		{3DFDD61E-ABCE-4CE7-B9FA-3FF927A54D0C}.Debug|x86.Build.0 = Debug|Win32
		{3DFDD61E-ABCE-4CE7-B9FA-3FF927A54D0C}.Release|x64.ActiveCfg = Release|x64
		{3DFDD61E-ABCE-4CE7-B9FA-3FF927A54D0C}.Release|x64.Build.0 = Release|x64
		{3DFDD61E-ABCE-4CE7-B9FA-3FF927A54D0C}.Release|x86.ActiveCfg = Release|Win32
		{3DFDD61E-ABCE-4CE7-B9FA-3FF927A54D0C}.Release|x86.Build.0 = Release|Win32
		{B0BE9A6E-3ADF-492E-B6BE-417EA51E1B52}.Debug|x64.ActiveCfg = Debug|x64
		{B0BE9A6E-3ADF-492E-B6BE-417EA51E1B52}.Debug|x64.Build.0 = Debug|x64
		{B0BE9A6E-3ADF-492E-B6BE-417EA51E1B52}.Debug|x86.ActiveCfg = Debug|Win32
		{B0BE9A6E-3ADF-492E-B6BE-417EA51E1B52}.Debug|x86.Build.0 = Debug|Win32
		{B0BE9A6E-3ADF-492E-B6BE-417EA51E1B52}.Release|x64.ActiveCfg = Release|x64
		{B0BE9A6E-3ADF-492E-B6BE-417EA51E1B52}.Release|x64.Build.0 = Release|x64
		{B0BE9A6E-3ADF-492E-B6BE-417EA51E1B52}.Release|x86.ActiveCfg = Release|Win32
		{B0BE9A6E-3ADF-492E-B6BE-417EA51E1B52}.Release|x86.Build.0 = Release|Win32
		{60264B34-F1F8-4515-824F-A0F427C16B15}.Debug|x64.ActiveCfg = Debug|x64
		{60264B34-F1F8-4515-824F-A0F427C16B15}.Debug|x64.Build.0 = Debug|x64
		{60264B34-F1F8-4515-824F-A0F427C16B15}.Debug|x86.ActiveCfg = Debug|Win32
		{60264B34-F1F8-4515-824F-A0F427C16B15}.Debug|x86.Build.0 = Debug|Win32
		{60264B34-F1F8-4515-824F-A0F427C16B15}.Release|x64.ActiveCfg = Release|x64
		{60264B34-F1F8-4515-824F-A0F427C16B15}.Release|x64.Build.0 = Release|x64
		{60264B34-F1F8-4515-824F-A0F427C16B15}.Release|x86.ActiveCfg = Release|Win32
		{60264B34-F1F8-4515-824F-A0F427C16B15}.Release|x86.Build.0 = Release|Win32
	EndGlobalSection
	GlobalSection(SolutionProperties) = preSolution
		HideSolutionNode = FALSE
	EndGlobalSection
EndGlobal
